
Microsoft Visual Studio Solution File, Format Version 12.00
# Visual Studio for Mac
Project("{FAE04EC0-301F-11D3-BF4B-00C04F79EFBC}") = "Assembly-CSharp", "Assembly-CSharp.csproj", "{CADD4CFB-D63A-E524-02A5-B5F0676A5138}"
EndProject
Project("{FAE04EC0-301F-11D3-BF4B-00C04F79EFBC}") = "Assembly-CSharp-Editor", "Assembly-CSharp-Editor.csproj", "{B991CA73-CA70-BD55-B915-00465A80EA21}"
EndProject
Global
	GlobalSection(SolutionConfigurationPlatforms) = preSolution
		Debug|Any CPU = Debug|Any CPU
		Release|Any CPU = Release|Any CPU
	EndGlobalSection
	GlobalSection(ProjectConfigurationPlatforms) = postSolution
		{CADD4CFB-D63A-E524-02A5-B5F0676A5138}.Debug|Any CPU.ActiveCfg = Debug|Any CPU
		{CADD4CFB-D63A-E524-02A5-B5F0676A5138}.Debug|Any CPU.Build.0 = Debug|Any CPU
		{CADD4CFB-D63A-E524-02A5-B5F0676A5138}.Release|Any CPU.ActiveCfg = Release|Any CPU
		{CADD4CFB-D63A-E524-02A5-B5F0676A5138}.Release|Any CPU.Build.0 = Release|Any CPU
		{B991CA73-CA70-BD55-B915-00465A80EA21}.Debug|Any CPU.ActiveCfg = Debug|Any CPU
		{B991CA73-CA70-BD55-B915-00465A80EA21}.Debug|Any CPU.Build.0 = Debug|Any CPU
		{B991CA73-CA70-BD55-B915-00465A80EA21}.Release|Any CPU.ActiveCfg = Release|Any CPU
		{B991CA73-CA70-BD55-B915-00465A80EA21}.Release|Any CPU.Build.0 = Release|Any CPU
	EndGlobalSection
	GlobalSection(SolutionProperties) = preSolution
		HideSolutionNode = FALSE
	EndGlobalSection
EndGlobal
